
Microsoft Visual Studio Solution File, Format Version 12.00
# Visual Studio Version 17
VisualStudioVersion = 17.8.34322.80
MinimumVisualStudioVersion = 10.0.40219.1
Project("{FAE04EC0-301F-11D3-BF4B-00C04F79EFBC}") = "OopTask6", "Oop&Files\OopTask6.csproj", "{FCC996AD-D044-4805-851E-23FCF012E22C}"
EndProject
Project("{FAE04EC0-301F-11D3-BF4B-00C04F79EFBC}") = "FilesTask7", "FilesTask7\FilesTask7.csproj", "{642D471F-8E78-404C-B047-00C3CC44CC46}"
EndProject
Global
	GlobalSection(SolutionConfigurationPlatforms) = preSolution
		Debug|Any CPU = Debug|Any CPU
		Release|Any CPU = Release|Any CPU
	EndGlobalSection
	GlobalSection(ProjectConfigurationPlatforms) = postSolution
		{FCC996AD-D044-4805-851E-23FCF012E22C}.Debug|Any CPU.ActiveCfg = Debug|Any CPU
		{FCC996AD-D044-4805-851E-23FCF012E22C}.Debug|Any CPU.Build.0 = Debug|Any CPU
		{FCC996AD-D044-4805-851E-23FCF012E22C}.Release|Any CPU.ActiveCfg = Release|Any CPU
		{FCC996AD-D044-4805-851E-23FCF012E22C}.Release|Any CPU.Build.0 = Release|Any CPU
		{642D471F-8E78-404C-B047-00C3CC44CC46}.Debug|Any CPU.ActiveCfg = Debug|Any CPU
		{642D471F-8E78-404C-B047-00C3CC44CC46}.Debug|Any CPU.Build.0 = Debug|Any CPU
		{642D471F-8E78-404C-B047-00C3CC44CC46}.Release|Any CPU.ActiveCfg = Release|Any CPU
		{642D471F-8E78-404C-B047-00C3CC44CC46}.Release|Any CPU.Build.0 = Release|Any CPU
	EndGlobalSection
	GlobalSection(SolutionProperties) = preSolution
		HideSolutionNode = FALSE
	EndGlobalSection
	GlobalSection(ExtensibilityGlobals) = postSolution
		SolutionGuid = {114276A6-CCD0-484E-935D-E3CE6F77588B}
	EndGlobalSection
EndGlobal
